// !$*UTF8*$!
{
	archiveVersion = 1;
	classes = {
	};
	objectVersion = 55;
	objects = {

/* Begin PBXBuildFile section */
		BB6CCEA327E75CD000746FC4 /* FruitsDetailView.swift in Sources */ = {isa = PBXBuildFile; fileRef = BB6CCEA227E75CD000746FC4 /* FruitsDetailView.swift */; };
		BB6CCEA527E7633700746FC4 /* FruitHeaderView.swift in Sources */ = {isa = PBXBuildFile; fileRef = BB6CCEA427E7633700746FC4 /* FruitHeaderView.swift */; };
		BB6CCEA727E7653200746FC4 /* SourceLinkView.swift in Sources */ = {isa = PBXBuildFile; fileRef = BB6CCEA627E7653200746FC4 /* SourceLinkView.swift */; };
		BB947E8427E73F7A00FAD56B /* FruitusApp.swift in Sources */ = {isa = PBXBuildFile; fileRef = BB947E8327E73F7A00FAD56B /* FruitusApp.swift */; };
		BB947E8627E73F7A00FAD56B /* ContentView.swift in Sources */ = {isa = PBXBuildFile; fileRef = BB947E8527E73F7A00FAD56B /* ContentView.swift */; };
		BB947E8827E73F7D00FAD56B /* Assets.xcassets in Resources */ = {isa = PBXBuildFile; fileRef = BB947E8727E73F7D00FAD56B /* Assets.xcassets */; };
		BB947E8B27E73F7D00FAD56B /* Preview Assets.xcassets in Resources */ = {isa = PBXBuildFile; fileRef = BB947E8A27E73F7D00FAD56B /* Preview Assets.xcassets */; };
		BB947E9427E7435F00FAD56B /* FruitCardView.swift in Sources */ = {isa = PBXBuildFile; fileRef = BB947E9327E7435F00FAD56B /* FruitCardView.swift */; };
		BB947E9627E747DE00FAD56B /* StartButtonView.swift in Sources */ = {isa = PBXBuildFile; fileRef = BB947E9527E747DE00FAD56B /* StartButtonView.swift */; };
		BB947E9827E74BC100FAD56B /* OnboardingView.swift in Sources */ = {isa = PBXBuildFile; fileRef = BB947E9727E74BC100FAD56B /* OnboardingView.swift */; };
		BB947E9B27E74DDB00FAD56B /* FruitModel.swift in Sources */ = {isa = PBXBuildFile; fileRef = BB947E9A27E74DDB00FAD56B /* FruitModel.swift */; };
		BB947E9E27E74EFA00FAD56B /* FruitData.swift in Sources */ = {isa = PBXBuildFile; fileRef = BB947E9D27E74EFA00FAD56B /* FruitData.swift */; };
		BB947EA027E7580800FAD56B /* FruitRowView.swift in Sources */ = {isa = PBXBuildFile; fileRef = BB947E9F27E7580800FAD56B /* FruitRowView.swift */; };
/* End PBXBuildFile section */

/* Begin PBXFileReference section */
		BB6CCEA227E75CD000746FC4 /* FruitsDetailView.swift */ = {isa = PBXFileReference; lastKnownFileType = sourcecode.swift; path = FruitsDetailView.swift; sourceTree = "<group>"; };
		BB6CCEA427E7633700746FC4 /* FruitHeaderView.swift */ = {isa = PBXFileReference; lastKnownFileType = sourcecode.swift; path = FruitHeaderView.swift; sourceTree = "<group>"; };
		BB6CCEA627E7653200746FC4 /* SourceLinkView.swift */ = {isa = PBXFileReference; lastKnownFileType = sourcecode.swift; path = SourceLinkView.swift; sourceTree = "<group>"; };
		BB947E8027E73F7A00FAD56B /* Fruitus.app */ = {isa = PBXFileReference; explicitFileType = wrapper.application; includeInIndex = 0; path = Fruitus.app; sourceTree = BUILT_PRODUCTS_DIR; };
		BB947E8327E73F7A00FAD56B /* FruitusApp.swift */ = {isa = PBXFileReference; lastKnownFileType = sourcecode.swift; path = FruitusApp.swift; sourceTree = "<group>"; };
		BB947E8527E73F7A00FAD56B /* ContentView.swift */ = {isa = PBXFileReference; lastKnownFileType = sourcecode.swift; path = ContentView.swift; sourceTree = "<group>"; };
		BB947E8727E73F7D00FAD56B /* Assets.xcassets */ = {isa = PBXFileReference; lastKnownFileType = folder.assetcatalog; path = Assets.xcassets; sourceTree = "<group>"; };
		BB947E8A27E73F7D00FAD56B /* Preview Assets.xcassets */ = {isa = PBXFileReference; lastKnownFileType = folder.assetcatalog; path = "Preview Assets.xcassets"; sourceTree = "<group>"; };
		BB947E9327E7435F00FAD56B /* FruitCardView.swift */ = {isa = PBXFileReference; lastKnownFileType = sourcecode.swift; path = FruitCardView.swift; sourceTree = "<group>"; };
		BB947E9527E747DE00FAD56B /* StartButtonView.swift */ = {isa = PBXFileReference; lastKnownFileType = sourcecode.swift; path = StartButtonView.swift; sourceTree = "<group>"; };
		BB947E9727E74BC100FAD56B /* OnboardingView.swift */ = {isa = PBXFileReference; lastKnownFileType = sourcecode.swift; path = OnboardingView.swift; sourceTree = "<group>"; };
		BB947E9A27E74DDB00FAD56B /* FruitModel.swift */ = {isa = PBXFileReference; lastKnownFileType = sourcecode.swift; path = FruitModel.swift; sourceTree = "<group>"; };
		BB947E9D27E74EFA00FAD56B /* FruitData.swift */ = {isa = PBXFileReference; lastKnownFileType = sourcecode.swift; path = FruitData.swift; sourceTree = "<group>"; };
		BB947E9F27E7580800FAD56B /* FruitRowView.swift */ = {isa = PBXFileReference; lastKnownFileType = sourcecode.swift; path = FruitRowView.swift; sourceTree = "<group>"; };
/* End PBXFileReference section */

/* Begin PBXFrameworksBuildPhase section */
		BB947E7D27E73F7A00FAD56B /* Frameworks */ = {
			isa = PBXFrameworksBuildPhase;
			buildActionMask = 2147483647;
			files = (
			);
			runOnlyForDeploymentPostprocessing = 0;
		};
/* End PBXFrameworksBuildPhase section */

/* Begin PBXGroup section */
		BB947E7727E73F7A00FAD56B = {
			isa = PBXGroup;
			children = (
				BB947E8227E73F7A00FAD56B /* Fruitus */,
				BB947E8127E73F7A00FAD56B /* Products */,
			);
			sourceTree = "<group>";
		};
		BB947E8127E73F7A00FAD56B /* Products */ = {
			isa = PBXGroup;
			children = (
				BB947E8027E73F7A00FAD56B /* Fruitus.app */,
			);
			name = Products;
			sourceTree = "<group>";
		};
		BB947E8227E73F7A00FAD56B /* Fruitus */ = {
			isa = PBXGroup;
			children = (
				BB947E9C27E74EEA00FAD56B /* Data */,
				BB947E9927E74DCF00FAD56B /* Model */,
				BB947E9227E7433F00FAD56B /* View */,
				BB947E9127E742FA00FAD56B /* App */,
				BB947E8727E73F7D00FAD56B /* Assets.xcassets */,
				BB947E8927E73F7D00FAD56B /* Preview Content */,
			);
			path = Fruitus;
			sourceTree = "<group>";
		};
		BB947E8927E73F7D00FAD56B /* Preview Content */ = {
			isa = PBXGroup;
			children = (
				BB947E8A27E73F7D00FAD56B /* Preview Assets.xcassets */,
			);
			path = "Preview Content";
			sourceTree = "<group>";
		};
		BB947E9127E742FA00FAD56B /* App */ = {
			isa = PBXGroup;
			children = (
				BB947E8327E73F7A00FAD56B /* FruitusApp.swift */,
				BB947E8527E73F7A00FAD56B /* ContentView.swift */,
				BB947E9727E74BC100FAD56B /* OnboardingView.swift */,
				BB6CCEA227E75CD000746FC4 /* FruitsDetailView.swift */,
			);
			path = App;
			sourceTree = "<group>";
		};
		BB947E9227E7433F00FAD56B /* View */ = {
			isa = PBXGroup;
			children = (
				BB947E9327E7435F00FAD56B /* FruitCardView.swift */,
				BB947E9527E747DE00FAD56B /* StartButtonView.swift */,
				BB947E9F27E7580800FAD56B /* FruitRowView.swift */,
				BB6CCEA427E7633700746FC4 /* FruitHeaderView.swift */,
				BB6CCEA627E7653200746FC4 /* SourceLinkView.swift */,
			);
			path = View;
			sourceTree = "<group>";
		};
		BB947E9927E74DCF00FAD56B /* Model */ = {
			isa = PBXGroup;
			children = (
				BB947E9A27E74DDB00FAD56B /* FruitModel.swift */,
			);
			path = Model;
			sourceTree = "<group>";
		};
		BB947E9C27E74EEA00FAD56B /* Data */ = {
			isa = PBXGroup;
			children = (
				BB947E9D27E74EFA00FAD56B /* FruitData.swift */,
			);
			path = Data;
			sourceTree = "<group>";
		};
/* End PBXGroup section */

/* Begin PBXNativeTarget section */
		BB947E7F27E73F7A00FAD56B /* Fruitus */ = {
			isa = PBXNativeTarget;
			buildConfigurationList = BB947E8E27E73F7D00FAD56B /* Build configuration list for PBXNativeTarget "Fruitus" */;
			buildPhases = (
				BB947E7C27E73F7A00FAD56B /* Sources */,
				BB947E7D27E73F7A00FAD56B /* Frameworks */,
				BB947E7E27E73F7A00FAD56B /* Resources */,
			);
			buildRules = (
			);
			dependencies = (
			);
			name = Fruitus;
			productName = Fruitus;
			productReference = BB947E8027E73F7A00FAD56B /* Fruitus.app */;
			productType = "com.apple.product-type.application";
		};
/* End PBXNativeTarget section */

/* Begin PBXProject section */
		BB947E7827E73F7A00FAD56B /* Project object */ = {
			isa = PBXProject;
			attributes = {
				BuildIndependentTargetsInParallel = 1;
				LastSwiftUpdateCheck = 1330;
				LastUpgradeCheck = 1330;
				TargetAttributes = {
					BB947E7F27E73F7A00FAD56B = {
						CreatedOnToolsVersion = 13.3;
					};
				};
			};
			buildConfigurationList = BB947E7B27E73F7A00FAD56B /* Build configuration list for PBXProject "Fruitus" */;
			compatibilityVersion = "Xcode 13.0";
			developmentRegion = en;
			hasScannedForEncodings = 0;
			knownRegions = (
				en,
				Base,
			);
			mainGroup = BB947E7727E73F7A00FAD56B;
			productRefGroup = BB947E8127E73F7A00FAD56B /* Products */;
			projectDirPath = "";
			projectRoot = "";
			targets = (
				BB947E7F27E73F7A00FAD56B /* Fruitus */,
			);
		};
/* End PBXProject section */

/* Begin PBXResourcesBuildPhase section */
		BB947E7E27E73F7A00FAD56B /* Resources */ = {
			isa = PBXResourcesBuildPhase;
			buildActionMask = 2147483647;
			files = (
				BB947E8B27E73F7D00FAD56B /* Preview Assets.xcassets in Resources */,
				BB947E8827E73F7D00FAD56B /* Assets.xcassets in Resources */,
			);
			runOnlyForDeploymentPostprocessing = 0;
		};
/* End PBXResourcesBuildPhase section */

/* Begin PBXSourcesBuildPhase section */
		BB947E7C27E73F7A00FAD56B /* Sources */ = {
			isa = PBXSourcesBuildPhase;
			buildActionMask = 2147483647;
			files = (
				BB947E9E27E74EFA00FAD56B /* FruitData.swift in Sources */,
				BB6CCEA727E7653200746FC4 /* SourceLinkView.swift in Sources */,
				BB947E9427E7435F00FAD56B /* FruitCardView.swift in Sources */,
				BB947EA027E7580800FAD56B /* FruitRowView.swift in Sources */,
				BB947E9627E747DE00FAD56B /* StartButtonView.swift in Sources */,
				BB947E8627E73F7A00FAD56B /* ContentView.swift in Sources */,
				BB947E9827E74BC100FAD56B /* OnboardingView.swift in Sources */,
				BB6CCEA527E7633700746FC4 /* FruitHeaderView.swift in Sources */,
				BB947E9B27E74DDB00FAD56B /* FruitModel.swift in Sources */,
				BB947E8427E73F7A00FAD56B /* FruitusApp.swift in Sources */,
				BB6CCEA327E75CD000746FC4 /* FruitsDetailView.swift in Sources */,
			);
			runOnlyForDeploymentPostprocessing = 0;
		};
/* End PBXSourcesBuildPhase section */

/* Begin XCBuildConfiguration section */
		BB947E8C27E73F7D00FAD56B /* Debug */ = {
			isa = XCBuildConfiguration;
			buildSettings = {
				ALWAYS_SEARCH_USER_PATHS = NO;
				CLANG_ANALYZER_NONNULL = YES;
				CLANG_ANALYZER_NUMBER_OBJECT_CONVERSION = YES_AGGRESSIVE;
				CLANG_CXX_LANGUAGE_STANDARD = "gnu++17";
				CLANG_ENABLE_MODULES = YES;
				CLANG_ENABLE_OBJC_ARC = YES;
				CLANG_ENABLE_OBJC_WEAK = YES;
				CLANG_WARN_BLOCK_CAPTURE_AUTORELEASING = YES;
				CLANG_WARN_BOOL_CONVERSION = YES;
				CLANG_WARN_COMMA = YES;
				CLANG_WARN_CONSTANT_CONVERSION = YES;
				CLANG_WARN_DEPRECATED_OBJC_IMPLEMENTATIONS = YES;
				CLANG_WARN_DIRECT_OBJC_ISA_USAGE = YES_ERROR;
				CLANG_WARN_DOCUMENTATION_COMMENTS = YES;
				CLANG_WARN_EMPTY_BODY = YES;
				CLANG_WARN_ENUM_CONVERSION = YES;
				CLANG_WARN_INFINITE_RECURSION = YES;
				CLANG_WARN_INT_CONVERSION = YES;
				CLANG_WARN_NON_LITERAL_NULL_CONVERSION = YES;
				CLANG_WARN_OBJC_IMPLICIT_RETAIN_SELF = YES;
				CLANG_WARN_OBJC_LITERAL_CONVERSION = YES;
				CLANG_WARN_OBJC_ROOT_CLASS = YES_ERROR;
				CLANG_WARN_QUOTED_INCLUDE_IN_FRAMEWORK_HEADER = YES;
				CLANG_WARN_RANGE_LOOP_ANALYSIS = YES;
				CLANG_WARN_STRICT_PROTOTYPES = YES;
				CLANG_WARN_SUSPICIOUS_MOVE = YES;
				CLANG_WARN_UNGUARDED_AVAILABILITY = YES_AGGRESSIVE;
				CLANG_WARN_UNREACHABLE_CODE = YES;
				CLANG_WARN__DUPLICATE_METHOD_MATCH = YES;
				COPY_PHASE_STRIP = NO;
				DEBUG_INFORMATION_FORMAT = dwarf;
				ENABLE_STRICT_OBJC_MSGSEND = YES;
				ENABLE_TESTABILITY = YES;
				GCC_C_LANGUAGE_STANDARD = gnu11;
				GCC_DYNAMIC_NO_PIC = NO;
				GCC_NO_COMMON_BLOCKS = YES;
				GCC_OPTIMIZATION_LEVEL = 0;
				GCC_PREPROCESSOR_DEFINITIONS = (
					"DEBUG=1",
					"$(inherited)",
				);
				GCC_WARN_64_TO_32_BIT_CONVERSION = YES;
				GCC_WARN_ABOUT_RETURN_TYPE = YES_ERROR;
				GCC_WARN_UNDECLARED_SELECTOR = YES;
				GCC_WARN_UNINITIALIZED_AUTOS = YES_AGGRESSIVE;
				GCC_WARN_UNUSED_FUNCTION = YES;
				GCC_WARN_UNUSED_VARIABLE = YES;
				IPHONEOS_DEPLOYMENT_TARGET = 15.4;
				MTL_ENABLE_DEBUG_INFO = INCLUDE_SOURCE;
				MTL_FAST_MATH = YES;
				ONLY_ACTIVE_ARCH = YES;
				SDKROOT = iphoneos;
				SWIFT_ACTIVE_COMPILATION_CONDITIONS = DEBUG;
				SWIFT_OPTIMIZATION_LEVEL = "-Onone";
			};
			name = Debug;
		};
		BB947E8D27E73F7D00FAD56B /* Release */ = {
			isa = XCBuildConfiguration;
			buildSettings = {
				ALWAYS_SEARCH_USER_PATHS = NO;
				CLANG_ANALYZER_NONNULL = YES;
				CLANG_ANALYZER_NUMBER_OBJECT_CONVERSION = YES_AGGRESSIVE;
				CLANG_CXX_LANGUAGE_STANDARD = "gnu++17";
				CLANG_ENABLE_MODULES = YES;
				CLANG_ENABLE_OBJC_ARC = YES;
				CLANG_ENABLE_OBJC_WEAK = YES;
				CLANG_WARN_BLOCK_CAPTURE_AUTORELEASING = YES;
				CLANG_WARN_BOOL_CONVERSION = YES;
				CLANG_WARN_COMMA = YES;
				CLANG_WARN_CONSTANT_CONVERSION = YES;
				CLANG_WARN_DEPRECATED_OBJC_IMPLEMENTATIONS = YES;
				CLANG_WARN_DIRECT_OBJC_ISA_USAGE = YES_ERROR;
				CLANG_WARN_DOCUMENTATION_COMMENTS = YES;
				CLANG_WARN_EMPTY_BODY = YES;
				CLANG_WARN_ENUM_CONVERSION = YES;
				CLANG_WARN_INFINITE_RECURSION = YES;
				CLANG_WARN_INT_CONVERSION = YES;
				CLANG_WARN_NON_LITERAL_NULL_CONVERSION = YES;
				CLANG_WARN_OBJC_IMPLICIT_RETAIN_SELF = YES;
				CLANG_WARN_OBJC_LITERAL_CONVERSION = YES;
				CLANG_WARN_OBJC_ROOT_CLASS = YES_ERROR;
				CLANG_WARN_QUOTED_INCLUDE_IN_FRAMEWORK_HEADER = YES;
				CLANG_WARN_RANGE_LOOP_ANALYSIS = YES;
				CLANG_WARN_STRICT_PROTOTYPES = YES;
				CLANG_WARN_SUSPICIOUS_MOVE = YES;
				CLANG_WARN_UNGUARDED_AVAILABILITY = YES_AGGRESSIVE;
				CLANG_WARN_UNREACHABLE_CODE = YES;
				CLANG_WARN__DUPLICATE_METHOD_MATCH = YES;
				COPY_PHASE_STRIP = NO;
				DEBUG_INFORMATION_FORMAT = "dwarf-with-dsym";
				ENABLE_NS_ASSERTIONS = NO;
				ENABLE_STRICT_OBJC_MSGSEND = YES;
				GCC_C_LANGUAGE_STANDARD = gnu11;
				GCC_NO_COMMON_BLOCKS = YES;
				GCC_WARN_64_TO_32_BIT_CONVERSION = YES;
				GCC_WARN_ABOUT_RETURN_TYPE = YES_ERROR;
				GCC_WARN_UNDECLARED_SELECTOR = YES;
				GCC_WARN_UNINITIALIZED_AUTOS = YES_AGGRESSIVE;
				GCC_WARN_UNUSED_FUNCTION = YES;
				GCC_WARN_UNUSED_VARIABLE = YES;
				IPHONEOS_DEPLOYMENT_TARGET = 15.4;
				MTL_ENABLE_DEBUG_INFO = NO;
				MTL_FAST_MATH = YES;
				SDKROOT = iphoneos;
				SWIFT_COMPILATION_MODE = wholemodule;
				SWIFT_OPTIMIZATION_LEVEL = "-O";
				VALIDATE_PRODUCT = YES;
			};
			name = Release;
		};
		BB947E8F27E73F7D00FAD56B /* Debug */ = {
			isa = XCBuildConfiguration;
			buildSettings = {
				ASSETCATALOG_COMPILER_APPICON_NAME = AppIcon;
				ASSETCATALOG_COMPILER_GLOBAL_ACCENT_COLOR_NAME = AccentColor;
				CODE_SIGN_STYLE = Automatic;
				CURRENT_PROJECT_VERSION = 1;
				DEVELOPMENT_ASSET_PATHS = "\"Fruitus/Preview Content\"";
				DEVELOPMENT_TEAM = 4GVR9352YB;
				ENABLE_PREVIEWS = YES;
				GENERATE_INFOPLIST_FILE = YES;
				INFOPLIST_KEY_UIApplicationSceneManifest_Generation = YES;
				INFOPLIST_KEY_UIApplicationSupportsIndirectInputEvents = YES;
				INFOPLIST_KEY_UILaunchScreen_Generation = YES;
				INFOPLIST_KEY_UISupportedInterfaceOrientations = UIInterfaceOrientationPortrait;
				INFOPLIST_KEY_UISupportedInterfaceOrientations_iPad = "UIInterfaceOrientationPortrait UIInterfaceOrientationPortraitUpsideDown UIInterfaceOrientationLandscapeLeft UIInterfaceOrientationLandscapeRight";
				INFOPLIST_KEY_UISupportedInterfaceOrientations_iPhone = "UIInterfaceOrientationPortrait UIInterfaceOrientationLandscapeLeft UIInterfaceOrientationLandscapeRight";
				LD_RUNPATH_SEARCH_PATHS = (
					"$(inherited)",
					"@executable_path/Frameworks",
				);
				MARKETING_VERSION = 1.0;
				PRODUCT_BUNDLE_IDENTIFIER = com.hamza.Fruitus;
				PRODUCT_NAME = "$(TARGET_NAME)";
				SWIFT_EMIT_LOC_STRINGS = YES;
				SWIFT_VERSION = 5.0;
				TARGETED_DEVICE_FAMILY = "1,2";
			};
			name = Debug;
		};
		BB947E9027E73F7D00FAD56B /* Release */ = {
			isa = XCBuildConfiguration;
			buildSettings = {
				ASSETCATALOG_COMPILER_APPICON_NAME = AppIcon;
				ASSETCATALOG_COMPILER_GLOBAL_ACCENT_COLOR_NAME = AccentColor;
				CODE_SIGN_STYLE = Automatic;
				CURRENT_PROJECT_VERSION = 1;
				DEVELOPMENT_ASSET_PATHS = "\"Fruitus/Preview Content\"";
				DEVELOPMENT_TEAM = 4GVR9352YB;
				ENABLE_PREVIEWS = YES;
				GENERATE_INFOPLIST_FILE = YES;
				INFOPLIST_KEY_UIApplicationSceneManifest_Generation = YES;
				INFOPLIST_KEY_UIApplicationSupportsIndirectInputEvents = YES;
				INFOPLIST_KEY_UILaunchScreen_Generation = YES;
				INFOPLIST_KEY_UISupportedInterfaceOrientations = UIInterfaceOrientationPortrait;
				INFOPLIST_KEY_UISupportedInterfaceOrientations_iPad = "UIInterfaceOrientationPortrait UIInterfaceOrientationPortraitUpsideDown UIInterfaceOrientationLandscapeLeft UIInterfaceOrientationLandscapeRight";
				INFOPLIST_KEY_UISupportedInterfaceOrientations_iPhone = "UIInterfaceOrientationPortrait UIInterfaceOrientationLandscapeLeft UIInterfaceOrientationLandscapeRight";
				LD_RUNPATH_SEARCH_PATHS = (
					"$(inherited)",
					"@executable_path/Frameworks",
				);
				MARKETING_VERSION = 1.0;
				PRODUCT_BUNDLE_IDENTIFIER = com.hamza.Fruitus;
				PRODUCT_NAME = "$(TARGET_NAME)";
				SWIFT_EMIT_LOC_STRINGS = YES;
				SWIFT_VERSION = 5.0;
				TARGETED_DEVICE_FAMILY = "1,2";
			};
			name = Release;
		};
/* End XCBuildConfiguration section */

/* Begin XCConfigurationList section */
		BB947E7B27E73F7A00FAD56B /* Build configuration list for PBXProject "Fruitus" */ = {
			isa = XCConfigurationList;
			buildConfigurations = (
				BB947E8C27E73F7D00FAD56B /* Debug */,
				BB947E8D27E73F7D00FAD56B /* Release */,
			);
			defaultConfigurationIsVisible = 0;
			defaultConfigurationName = Release;
		};
		BB947E8E27E73F7D00FAD56B /* Build configuration list for PBXNativeTarget "Fruitus" */ = {
			isa = XCConfigurationList;
			buildConfigurations = (
				BB947E8F27E73F7D00FAD56B /* Debug */,
				BB947E9027E73F7D00FAD56B /* Release */,
			);
			defaultConfigurationIsVisible = 0;
			defaultConfigurationName = Release;
		};
/* End XCConfigurationList section */
	};
	rootObject = BB947E7827E73F7A00FAD56B /* Project object */;
}
